
Microsoft Visual Studio Solution File, Format Version 12.00
# Visual Studio Version 17
VisualStudioVersion = 17.0.31903.59
MinimumVisualStudioVersion = 10.0.40219.1
Project("{2150E333-8FDC-42A3-9474-1A3956D46DE8}") = "src", "src", "{827E0CD3-B72D-47B6-A68D-7590B98EB39B}"
EndProject
Project("{FAE04EC0-301F-11D3-BF4B-00C04F79EFBC}") = "NowSpinning.App", "src\NowSpinning.App\NowSpinning.App.csproj", "{B566C6F7-C71F-4401-9A19-57E9159A89D7}"
EndProject
Project("{FAE04EC0-301F-11D3-BF4B-00C04F79EFBC}") = "NowSpinning.Core", "src\NowSpinning.Core\NowSpinning.Core.csproj", "{42C96C07-71C3-465B-9A38-83A3E7C9F072}"
EndProject
Project("{FAE04EC0-301F-11D3-BF4B-00C04F79EFBC}") = "NowSpinning.Media", "src\NowSpinning.Media\NowSpinning.Media.csproj", "{169CA3C9-5BC7-4379-80E2-7B8E9FFF460C}"
EndProject
Project("{FAE04EC0-301F-11D3-BF4B-00C04F79EFBC}") = "NowSpinning.Settings", "src\NowSpinning.Settings\NowSpinning.Settings.csproj", "{6167ABAA-FDAE-451F-AB66-CB3111B49D02}"
EndProject
Project("{FAE04EC0-301F-11D3-BF4B-00C04F79EFBC}") = "NowSpinning.Wallpaper", "src\NowSpinning.Wallpaper\NowSpinning.Wallpaper.csproj", "{AA992D87-E755-43B9-B324-FFB8D184FC83}"
EndProject
Project("{2150E333-8FDC-42A3-9474-1A3956D46DE8}") = "tests", "tests", "{0AB3BF05-4346-4AA6-1389-037BE0695223}"
EndProject
Project("{FAE04EC0-301F-11D3-BF4B-00C04F79EFBC}") = "NowSpinning.Tests", "tests\NowSpinning.Tests\NowSpinning.Tests.csproj", "{01D7755D-E801-42A3-A7F5-3C18484F8189}"
EndProject
Global
	GlobalSection(SolutionConfigurationPlatforms) = preSolution
		Debug|Any CPU = Debug|Any CPU
		Debug|x64 = Debug|x64
		Debug|x86 = Debug|x86
		Release|Any CPU = Release|Any CPU
		Release|x64 = Release|x64
		Release|x86 = Release|x86
	EndGlobalSection
	GlobalSection(ProjectConfigurationPlatforms) = postSolution
		{B566C6F7-C71F-4401-9A19-57E9159A89D7}.Debug|Any CPU.ActiveCfg = Debug|Any CPU
		{B566C6F7-C71F-4401-9A19-57E9159A89D7}.Debug|Any CPU.Build.0 = Debug|Any CPU
		{B566C6F7-C71F-4401-9A19-57E9159A89D7}.Debug|x64.ActiveCfg = Debug|Any CPU
		{B566C6F7-C71F-4401-9A19-57E9159A89D7}.Debug|x64.Build.0 = Debug|Any CPU
		{B566C6F7-C71F-4401-9A19-57E9159A89D7}.Debug|x86.ActiveCfg = Debug|Any CPU
		{B566C6F7-C71F-4401-9A19-57E9159A89D7}.Debug|x86.Build.0 = Debug|Any CPU
		{B566C6F7-C71F-4401-9A19-57E9159A89D7}.Release|Any CPU.ActiveCfg = Release|Any CPU
		{B566C6F7-C71F-4401-9A19-57E9159A89D7}.Release|Any CPU.Build.0 = Release|Any CPU
		{B566C6F7-C71F-4401-9A19-57E9159A89D7}.Release|x64.ActiveCfg = Release|Any CPU
		{B566C6F7-C71F-4401-9A19-57E9159A89D7}.Release|x64.Build.0 = Release|Any CPU
		{B566C6F7-C71F-4401-9A19-57E9159A89D7}.Release|x86.ActiveCfg = Release|Any CPU
		{B566C6F7-C71F-4401-9A19-57E9159A89D7}.Release|x86.Build.0 = Release|Any CPU
		{42C96C07-71C3-465B-9A38-83A3E7C9F072}.Debug|Any CPU.ActiveCfg = Debug|Any CPU
		{42C96C07-71C3-465B-9A38-83A3E7C9F072}.Debug|Any CPU.Build.0 = Debug|Any CPU
		{42C96C07-71C3-465B-9A38-83A3E7C9F072}.Debug|x64.ActiveCfg = Debug|Any CPU
		{42C96C07-71C3-465B-9A38-83A3E7C9F072}.Debug|x64.Build.0 = Debug|Any CPU
		{42C96C07-71C3-465B-9A38-83A3E7C9F072}.Debug|x86.ActiveCfg = Debug|Any CPU
		{42C96C07-71C3-465B-9A38-83A3E7C9F072}.Debug|x86.Build.0 = Debug|Any CPU
		{42C96C07-71C3-465B-9A38-83A3E7C9F072}.Release|Any CPU.ActiveCfg = Release|Any CPU
		{42C96C07-71C3-465B-9A38-83A3E7C9F072}.Release|Any CPU.Build.0 = Release|Any CPU
		{42C96C07-71C3-465B-9A38-83A3E7C9F072}.Release|x64.ActiveCfg = Release|Any CPU
		{42C96C07-71C3-465B-9A38-83A3E7C9F072}.Release|x64.Build.0 = Release|Any CPU
		{42C96C07-71C3-465B-9A38-83A3E7C9F072}.Release|x86.ActiveCfg = Release|Any CPU
		{42C96C07-71C3-465B-9A38-83A3E7C9F072}.Release|x86.Build.0 = Release|Any CPU
		{169CA3C9-5BC7-4379-80E2-7B8E9FFF460C}.Debug|Any CPU.ActiveCfg = Debug|Any CPU
		{169CA3C9-5BC7-4379-80E2-7B8E9FFF460C}.Debug|Any CPU.Build.0 = Debug|Any CPU
		{169CA3C9-5BC7-4379-80E2-7B8E9FFF460C}.Debug|x64.ActiveCfg = Debug|Any CPU
		{169CA3C9-5BC7-4379-80E2-7B8E9FFF460C}.Debug|x64.Build.0 = Debug|Any CPU
		{169CA3C9-5BC7-4379-80E2-7B8E9FFF460C}.Debug|x86.ActiveCfg = Debug|Any CPU
		{169CA3C9-5BC7-4379-80E2-7B8E9FFF460C}.Debug|x86.Build.0 = Debug|Any CPU
		{169CA3C9-5BC7-4379-80E2-7B8E9FFF460C}.Release|Any CPU.ActiveCfg = Release|Any CPU
		{169CA3C9-5BC7-4379-80E2-7B8E9FFF460C}.Release|Any CPU.Build.0 = Release|Any CPU
		{169CA3C9-5BC7-4379-80E2-7B8E9FFF460C}.Release|x64.ActiveCfg = Release|Any CPU
		{169CA3C9-5BC7-4379-80E2-7B8E9FFF460C}.Release|x64.Build.0 = Release|Any CPU
		{169CA3C9-5BC7-4379-80E2-7B8E9FFF460C}.Release|x86.ActiveCfg = Release|Any CPU
		{169CA3C9-5BC7-4379-80E2-7B8E9FFF460C}.Release|x86.Build.0 = Release|Any CPU
		{6167ABAA-FDAE-451F-AB66-CB3111B49D02}.Debug|Any CPU.ActiveCfg = Debug|Any CPU
		{6167ABAA-FDAE-451F-AB66-CB3111B49D02}.Debug|Any CPU.Build.0 = Debug|Any CPU
		{6167ABAA-FDAE-451F-AB66-CB3111B49D02}.Debug|x64.ActiveCfg = Debug|Any CPU
		{6167ABAA-FDAE-451F-AB66-CB3111B49D02}.Debug|x64.Build.0 = Debug|Any CPU
		{6167ABAA-FDAE-451F-AB66-CB3111B49D02}.Debug|x86.ActiveCfg = Debug|Any CPU
		{6167ABAA-FDAE-451F-AB66-CB3111B49D02}.Debug|x86.Build.0 = Debug|Any CPU
		{6167ABAA-FDAE-451F-AB66-CB3111B49D02}.Release|Any CPU.ActiveCfg = Release|Any CPU
		{6167ABAA-FDAE-451F-AB66-CB3111B49D02}.Release|Any CPU.Build.0 = Release|Any CPU
		{6167ABAA-FDAE-451F-AB66-CB3111B49D02}.Release|x64.ActiveCfg = Release|Any CPU
		{6167ABAA-FDAE-451F-AB66-CB3111B49D02}.Release|x64.Build.0 = Release|Any CPU
		{6167ABAA-FDAE-451F-AB66-CB3111B49D02}.Release|x86.ActiveCfg = Release|Any CPU
		{6167ABAA-FDAE-451F-AB66-CB3111B49D02}.Release|x86.Build.0 = Release|Any CPU
		{AA992D87-E755-43B9-B324-FFB8D184FC83}.Debug|Any CPU.ActiveCfg = Debug|Any CPU
		{AA992D87-E755-43B9-B324-FFB8D184FC83}.Debug|Any CPU.Build.0 = Debug|Any CPU
		{AA992D87-E755-43B9-B324-FFB8D184FC83}.Debug|x64.ActiveCfg = Debug|Any CPU
		{AA992D87-E755-43B9-B324-FFB8D184FC83}.Debug|x64.Build.0 = Debug|Any CPU
		{AA992D87-E755-43B9-B324-FFB8D184FC83}.Debug|x86.ActiveCfg = Debug|Any CPU
		{AA992D87-E755-43B9-B324-FFB8D184FC83}.Debug|x86.Build.0 = Debug|Any CPU
		{AA992D87-E755-43B9-B324-FFB8D184FC83}.Release|Any CPU.ActiveCfg = Release|Any CPU
		{AA992D87-E755-43B9-B324-FFB8D184FC83}.Release|Any CPU.Build.0 = Release|Any CPU
		{AA992D87-E755-43B9-B324-FFB8D184FC83}.Release|x64.ActiveCfg = Release|Any CPU
		{AA992D87-E755-43B9-B324-FFB8D184FC83}.Release|x64.Build.0 = Release|Any CPU
		{AA992D87-E755-43B9-B324-FFB8D184FC83}.Release|x86.ActiveCfg = Release|Any CPU
		{AA992D87-E755-43B9-B324-FFB8D184FC83}.Release|x86.Build.0 = Release|Any CPU
		{01D7755D-E801-42A3-A7F5-3C18484F8189}.Debug|Any CPU.ActiveCfg = Debug|Any CPU
		{01D7755D-E801-42A3-A7F5-3C18484F8189}.Debug|Any CPU.Build.0 = Debug|Any CPU
		{01D7755D-E801-42A3-A7F5-3C18484F8189}.Debug|x64.ActiveCfg = Debug|Any CPU
		{01D7755D-E801-42A3-A7F5-3C18484F8189}.Debug|x64.Build.0 = Debug|Any CPU
		{01D7755D-E801-42A3-A7F5-3C18484F8189}.Debug|x86.ActiveCfg = Debug|Any CPU
		{01D7755D-E801-42A3-A7F5-3C18484F8189}.Debug|x86.Build.0 = Debug|Any CPU
		{01D7755D-E801-42A3-A7F5-3C18484F8189}.Release|Any CPU.ActiveCfg = Release|Any CPU
		{01D7755D-E801-42A3-A7F5-3C18484F8189}.Release|Any CPU.Build.0 = Release|Any CPU
		{01D7755D-E801-42A3-A7F5-3C18484F8189}.Release|x64.ActiveCfg = Release|Any CPU
		{01D7755D-E801-42A3-A7F5-3C18484F8189}.Release|x64.Build.0 = Release|Any CPU
		{01D7755D-E801-42A3-A7F5-3C18484F8189}.Release|x86.ActiveCfg = Release|Any CPU
		{01D7755D-E801-42A3-A7F5-3C18484F8189}.Release|x86.Build.0 = Release|Any CPU
	EndGlobalSection
	GlobalSection(SolutionProperties) = preSolution
		HideSolutionNode = FALSE
	EndGlobalSection
	GlobalSection(NestedProjects) = preSolution
		{B566C6F7-C71F-4401-9A19-57E9159A89D7} = {827E0CD3-B72D-47B6-A68D-7590B98EB39B}
		{42C96C07-71C3-465B-9A38-83A3E7C9F072} = {827E0CD3-B72D-47B6-A68D-7590B98EB39B}
		{169CA3C9-5BC7-4379-80E2-7B8E9FFF460C} = {827E0CD3-B72D-47B6-A68D-7590B98EB39B}
		{6167ABAA-FDAE-451F-AB66-CB3111B49D02} = {827E0CD3-B72D-47B6-A68D-7590B98EB39B}
		{AA992D87-E755-43B9-B324-FFB8D184FC83} = {827E0CD3-B72D-47B6-A68D-7590B98EB39B}
		{01D7755D-E801-42A3-A7F5-3C18484F8189} = {0AB3BF05-4346-4AA6-1389-037BE0695223}
	EndGlobalSection
EndGlobal
